
Microsoft Visual Studio Solution File, Format Version 12.00
# Visual Studio Version 16
VisualStudioVersion = 16.0.31005.135
MinimumVisualStudioVersion = 10.0.40219.1
Project("{8BC9CEB8-8B4A-11D0-8D11-00A0C91BC942}") = "OOP Lab4.1", "OOP Lab4.1.vcxproj", "{54F18B2A-E3F5-457B-8D22-1E93E5422338}"
EndProject
Project("{8BC9CEB8-8B4A-11D0-8D11-00A0C91BC942}") = "UnitTest41", "..\UnitTest41\UnitTest41.vcxproj", "{6A22C9FD-7BC7-4A29-A305-E302008B269F}"
EndProject
Global
	GlobalSection(SolutionConfigurationPlatforms) = preSolution
		Debug|x64 = Debug|x64
		Debug|x86 = Debug|x86
		Release|x64 = Release|x64
		Release|x86 = Release|x86
	EndGlobalSection
	GlobalSection(ProjectConfigurationPlatforms) = postSolution
		{54F18B2A-E3F5-457B-8D22-1E93E5422338}.Debug|x64.ActiveCfg = Debug|x64
		{54F18B2A-E3F5-457B-8D22-1E93E5422338}.Debug|x64.Build.0 = Debug|x64
		{54F18B2A-E3F5-457B-8D22-1E93E5422338}.Debug|x86.ActiveCfg = Debug|Win32
		{54F18B2A-E3F5-457B-8D22-1E93E5422338}.Debug|x86.Build.0 = Debug|Win32
		{54F18B2A-E3F5-457B-8D22-1E93E5422338}.Release|x64.ActiveCfg = Release|x64
		{54F18B2A-E3F5-457B-8D22-1E93E5422338}.Release|x64.Build.0 = Release|x64
		{54F18B2A-E3F5-457B-8D22-1E93E5422338}.Release|x86.ActiveCfg = Release|Win32
		{54F18B2A-E3F5-457B-8D22-1E93E5422338}.Release|x86.Build.0 = Release|Win32
		{6A22C9FD-7BC7-4A29-A305-E302008B269F}.Debug|x64.ActiveCfg = Debug|x64
		{6A22C9FD-7BC7-4A29-A305-E302008B269F}.Debug|x64.Build.0 = Debug|x64
		{6A22C9FD-7BC7-4A29-A305-E302008B269F}.Debug|x86.ActiveCfg = Debug|Win32
		{6A22C9FD-7BC7-4A29-A305-E302008B269F}.Debug|x86.Build.0 = Debug|Win32
		{6A22C9FD-7BC7-4A29-A305-E302008B269F}.Release|x64.ActiveCfg = Release|x64
		{6A22C9FD-7BC7-4A29-A305-E302008B269F}.Release|x64.Build.0 = Release|x64
		{6A22C9FD-7BC7-4A29-A305-E302008B269F}.Release|x86.ActiveCfg = Release|Win32
		{6A22C9FD-7BC7-4A29-A305-E302008B269F}.Release|x86.Build.0 = Release|Win32
	EndGlobalSection
	GlobalSection(SolutionProperties) = preSolution
		HideSolutionNode = FALSE
	EndGlobalSection
	GlobalSection(ExtensibilityGlobals) = postSolution
		SolutionGuid = {3AB2A148-EE42-410B-860C-6E533AFB4A43}
	EndGlobalSection
EndGlobal
